PODS:
  - auto_orientation (0.0.1):
    - Flutter
  - Flutter (1.0.0)
  - flutter_screen_wake (0.0.1):
    - Flutter
  - flutter_secure_storage (6.0.0):
    - Flutter
  - orientation (0.0.1):
    - Flutter
  - path_provider_foundation (0.0.1):
    - Flutter
    - FlutterMacOS
  - video_player_avfoundation (0.0.1):
    - Flutter
    - FlutterMacOS
  - wakelock (0.0.1):
    - Flutter

DEPENDENCIES:
  - auto_orientation (from `.symlinks/plugins/auto_orientation/ios`)
  - Flutter (from `Flutter`)
  - flutter_screen_wake (from `.symlinks/plugins/flutter_screen_wake/ios`)
  - flutter_secure_storage (from `.symlinks/plugins/flutter_secure_storage/ios`)
  - orientation (from `.symlinks/plugins/orientation/ios`)
  - path_provider_foundation (from `.symlinks/plugins/path_provider_foundation/darwin`)
  - video_player_avfoundation (from `.symlinks/plugins/video_player_avfoundation/darwin`)
  - wakelock (from `.symlinks/plugins/wakelock/ios`)

EXTERNAL SOURCES:
  auto_orientation:
    :path: ".symlinks/plugins/auto_orientation/ios"
  Flutter:
    :path: Flutter
  flutter_screen_wake:
    :path: ".symlinks/plugins/flutter_screen_wake/ios"
  flutter_secure_storage:
    :path: ".symlinks/plugins/flutter_secure_storage/ios"
  orientation:
    :path: ".symlinks/plugins/orientation/ios"
  path_provider_foundation:
    :path: ".symlinks/plugins/path_provider_foundation/darwin"
  video_player_avfoundation:
    :path: ".symlinks/plugins/video_player_avfoundation/darwin"
  wakelock:
    :path: ".symlinks/plugins/wakelock/ios"

SPEC CHECKSUMS:
  auto_orientation: 102ed811a5938d52c86520ddd7ecd3a126b5d39d
  Flutter: e0871f40cf51350855a761d2e70bf5af5b9b5de7
  flutter_screen_wake: 4d3c2b43943ea81bd5e591fd4e639ea537f4ca5e
  flutter_secure_storage: d33dac7ae2ea08509be337e775f6b59f1ff45f12
  orientation: 6c9203efe86ce4cff379756910f18b2d745628c3
  path_provider_foundation: 2b6b4c569c0fb62ec74538f866245ac84301af46
  video_player_avfoundation: 7c6c11d8470e1675df7397027218274b6d2360b3
  wakelock: b0843b2479edbf6504d8d262c2959446f35373aa

PODFILE CHECKSUM: c4c93c5f6502fe2754f48404d3594bf779584011

COCOAPODS: 1.16.2
